
Microsoft Visual Studio Solution File, Format Version 12.00
# Visual Studio Version 16
VisualStudioVersion = 16.0.32901.82
MinimumVisualStudioVersion = 10.0.40219.1
Project("{FAE04EC0-301F-11D3-BF4B-00C04F79EFBC}") = "MediaT_R", "MediaT_R.csproj", "{00EF5F2F-4980-4465-BE7F-6E4F6B259171}"
EndProject
Project("{FAE04EC0-301F-11D3-BF4B-00C04F79EFBC}") = "MediatorSelf", "..\MediatorSelf\MediatorSelf.csproj", "{E8E4D974-7940-4A3B-8F42-754AF416083E}"
EndProject
Project("{FAE04EC0-301F-11D3-BF4B-00C04F79EFBC}") = "ChatRoomMediatorExample", "..\ChatRoomMediatorExample\ChatRoomMediatorExample.csproj", "{A7B02D33-61DD-4D26-B3B6-9EF6518BE02D}"
EndProject
Project("{FAE04EC0-301F-11D3-BF4B-00C04F79EFBC}") = "Mediator_with_events", "..\Mediator_with_events\Mediator_with_events.csproj", "{F8400A41-DDE6-40F4-8123-C04584414B42}"
EndProject
Project("{FAE04EC0-301F-11D3-BF4B-00C04F79EFBC}") = "Mediator_Structural", "..\Mediator_Structural\Mediator_Structural.csproj", "{5A6E8E1B-375F-4CF8-83E3-BABADE59CF20}"
EndProject
Project("{FAE04EC0-301F-11D3-BF4B-00C04F79EFBC}") = "RefactoringGuruMediator", "..\RefactoringGuruMediator\RefactoringGuruMediator.csproj", "{B1E8B1CC-C4A9-45D9-B643-40D45DB43B49}"
EndProject
Global
	GlobalSection(SolutionConfigurationPlatforms) = preSolution
		Debug|Any CPU = Debug|Any CPU
		Release|Any CPU = Release|Any CPU
	EndGlobalSection
	GlobalSection(ProjectConfigurationPlatforms) = postSolution
		{00EF5F2F-4980-4465-BE7F-6E4F6B259171}.Debug|Any CPU.ActiveCfg = Debug|Any CPU
		{00EF5F2F-4980-4465-BE7F-6E4F6B259171}.Debug|Any CPU.Build.0 = Debug|Any CPU
		{00EF5F2F-4980-4465-BE7F-6E4F6B259171}.Release|Any CPU.ActiveCfg = Release|Any CPU
		{00EF5F2F-4980-4465-BE7F-6E4F6B259171}.Release|Any CPU.Build.0 = Release|Any CPU
		{E8E4D974-7940-4A3B-8F42-754AF416083E}.Debug|Any CPU.ActiveCfg = Debug|Any CPU
		{E8E4D974-7940-4A3B-8F42-754AF416083E}.Debug|Any CPU.Build.0 = Debug|Any CPU
		{E8E4D974-7940-4A3B-8F42-754AF416083E}.Release|Any CPU.ActiveCfg = Release|Any CPU
		{E8E4D974-7940-4A3B-8F42-754AF416083E}.Release|Any CPU.Build.0 = Release|Any CPU
		{A7B02D33-61DD-4D26-B3B6-9EF6518BE02D}.Debug|Any CPU.ActiveCfg = Debug|Any CPU
		{A7B02D33-61DD-4D26-B3B6-9EF6518BE02D}.Debug|Any CPU.Build.0 = Debug|Any CPU
		{A7B02D33-61DD-4D26-B3B6-9EF6518BE02D}.Release|Any CPU.ActiveCfg = Release|Any CPU
		{A7B02D33-61DD-4D26-B3B6-9EF6518BE02D}.Release|Any CPU.Build.0 = Release|Any CPU
		{F8400A41-DDE6-40F4-8123-C04584414B42}.Debug|Any CPU.ActiveCfg = Debug|Any CPU
		{F8400A41-DDE6-40F4-8123-C04584414B42}.Debug|Any CPU.Build.0 = Debug|Any CPU
		{F8400A41-DDE6-40F4-8123-C04584414B42}.Release|Any CPU.ActiveCfg = Release|Any CPU
		{F8400A41-DDE6-40F4-8123-C04584414B42}.Release|Any CPU.Build.0 = Release|Any CPU
		{5A6E8E1B-375F-4CF8-83E3-BABADE59CF20}.Debug|Any CPU.ActiveCfg = Debug|Any CPU
		{5A6E8E1B-375F-4CF8-83E3-BABADE59CF20}.Debug|Any CPU.Build.0 = Debug|Any CPU
		{5A6E8E1B-375F-4CF8-83E3-BABADE59CF20}.Release|Any CPU.ActiveCfg = Release|Any CPU
		{5A6E8E1B-375F-4CF8-83E3-BABADE59CF20}.Release|Any CPU.Build.0 = Release|Any CPU
		{B1E8B1CC-C4A9-45D9-B643-40D45DB43B49}.Debug|Any CPU.ActiveCfg = Debug|Any CPU
		{B1E8B1CC-C4A9-45D9-B643-40D45DB43B49}.Debug|Any CPU.Build.0 = Debug|Any CPU
		{B1E8B1CC-C4A9-45D9-B643-40D45DB43B49}.Release|Any CPU.ActiveCfg = Release|Any CPU
		{B1E8B1CC-C4A9-45D9-B643-40D45DB43B49}.Release|Any CPU.Build.0 = Release|Any CPU
	EndGlobalSection
	GlobalSection(SolutionProperties) = preSolution
		HideSolutionNode = FALSE
	EndGlobalSection
	GlobalSection(ExtensibilityGlobals) = postSolution
		SolutionGuid = {40CC871B-C8D9-4954-9141-F41C6158B90E}
	EndGlobalSection
EndGlobal
